
Microsoft Visual Studio Solution File, Format Version 12.00
# Visual Studio Version 16
VisualStudioVersion = 16.0.32002.261
MinimumVisualStudioVersion = 10.0.40219.1
Project("{FAE04EC0-301F-11D3-BF4B-00C04F79EFBC}") = "DesignPatters", "DesignPatters.csproj", "{923ECBE2-861A-458E-AAF6-7295BF96FA94}"
EndProject
Global
	GlobalSection(SolutionConfigurationPlatforms) = preSolution
		Debug|Any CPU = Debug|Any CPU
		Release|Any CPU = Release|Any CPU
	EndGlobalSection
	GlobalSection(ProjectConfigurationPlatforms) = postSolution
		{923ECBE2-861A-458E-AAF6-7295BF96FA94}.Debug|Any CPU.ActiveCfg = Debug|Any CPU
		{923ECBE2-861A-458E-AAF6-7295BF96FA94}.Debug|Any CPU.Build.0 = Debug|Any CPU
		{923ECBE2-861A-458E-AAF6-7295BF96FA94}.Release|Any CPU.ActiveCfg = Release|Any CPU
		{923ECBE2-861A-458E-AAF6-7295BF96FA94}.Release|Any CPU.Build.0 = Release|Any CPU
	EndGlobalSection
	GlobalSection(SolutionProperties) = preSolution
		HideSolutionNode = FALSE
	EndGlobalSection
	GlobalSection(ExtensibilityGlobals) = postSolution
		SolutionGuid = {96CF3CF7-F6EA-4C9D-BE83-EDF5C9F83008}
	EndGlobalSection
EndGlobal
